
Microsoft Visual Studio Solution File, Format Version 12.00
# Visual Studio Version 17
VisualStudioVersion = 17.2.32616.157
MinimumVisualStudioVersion = 10.0.40219.1
Project("{8BC9CEB8-8B4A-11D0-8D11-00A0C91BC942}") = "Project1_1", "Project1_1\Project1_1.vcxproj", "{C4EEDCEB-D5DE-47FD-B9F9-F2CE6174B71C}"
EndProject
Project("{8BC9CEB8-8B4A-11D0-8D11-00A0C91BC942}") = "Project1_2", "Project1_2\Project1_2.vcxproj", "{B6F1CA9A-9550-4486-8F93-FB4FB8B76BD9}"
EndProject
Global
	GlobalSection(SolutionConfigurationPlatforms) = preSolution
		Debug|x64 = Debug|x64
		Debug|x86 = Debug|x86
		Release|x64 = Release|x64
		Release|x86 = Release|x86
	EndGlobalSection
	GlobalSection(ProjectConfigurationPlatforms) = postSolution
		{C4EEDCEB-D5DE-47FD-B9F9-F2CE6174B71C}.Debug|x64.ActiveCfg = Debug|x64
		{C4EEDCEB-D5DE-47FD-B9F9-F2CE6174B71C}.Debug|x64.Build.0 = Debug|x64
		{C4EEDCEB-D5DE-47FD-B9F9-F2CE6174B71C}.Debug|x86.ActiveCfg = Debug|Win32
		{C4EEDCEB-D5DE-47FD-B9F9-F2CE6174B71C}.Debug|x86.Build.0 = Debug|Win32
		{C4EEDCEB-D5DE-47FD-B9F9-F2CE6174B71C}.Release|x64.ActiveCfg = Release|x64
		{C4EEDCEB-D5DE-47FD-B9F9-F2CE6174B71C}.Release|x64.Build.0 = Release|x64
		{C4EEDCEB-D5DE-47FD-B9F9-F2CE6174B71C}.Release|x86.ActiveCfg = Release|Win32
		{C4EEDCEB-D5DE-47FD-B9F9-F2CE6174B71C}.Release|x86.Build.0 = Release|Win32
		{B6F1CA9A-9550-4486-8F93-FB4FB8B76BD9}.Debug|x64.ActiveCfg = Debug|x64
		{B6F1CA9A-9550-4486-8F93-FB4FB8B76BD9}.Debug|x64.Build.0 = Debug|x64
		{B6F1CA9A-9550-4486-8F93-FB4FB8B76BD9}.Debug|x86.ActiveCfg = Debug|Win32
		{B6F1CA9A-9550-4486-8F93-FB4FB8B76BD9}.Debug|x86.Build.0 = Debug|Win32
		{B6F1CA9A-9550-4486-8F93-FB4FB8B76BD9}.Release|x64.ActiveCfg = Release|x64
		{B6F1CA9A-9550-4486-8F93-FB4FB8B76BD9}.Release|x64.Build.0 = Release|x64
		{B6F1CA9A-9550-4486-8F93-FB4FB8B76BD9}.Release|x86.ActiveCfg = Release|Win32
		{B6F1CA9A-9550-4486-8F93-FB4FB8B76BD9}.Release|x86.Build.0 = Release|Win32
	EndGlobalSection
	GlobalSection(SolutionProperties) = preSolution
		HideSolutionNode = FALSE
	EndGlobalSection
	GlobalSection(ExtensibilityGlobals) = postSolution
		SolutionGuid = {2D9CA772-288F-4D1F-9F97-54C87B1914ED}
	EndGlobalSection
EndGlobal
